
Microsoft Visual Studio Solution File, Format Version 12.00
# Visual Studio Version 17
VisualStudioVersion = 17.0.31903.59
MinimumVisualStudioVersion = 10.0.40219.1
Project("{FAE04EC0-301F-11D3-BF4B-00C04F79EFBC}") = "HealthQCopilot.Domain", "src\HealthQCopilot.Domain\HealthQCopilot.Domain.csproj", "{A1B2C3D4-0001-0001-0001-000000000001}"
EndProject
Project("{FAE04EC0-301F-11D3-BF4B-00C04F79EFBC}") = "HealthQCopilot.Infrastructure", "src\HealthQCopilot.Infrastructure\HealthQCopilot.Infrastructure.csproj", "{A1B2C3D4-0002-0002-0002-000000000002}"
EndProject
Project("{FAE04EC0-301F-11D3-BF4B-00C04F79EFBC}") = "HealthQCopilot.Identity", "src\HealthQCopilot.Identity\HealthQCopilot.Identity.csproj", "{A1B2C3D4-0003-0003-0003-000000000003}"
EndProject
Project("{FAE04EC0-301F-11D3-BF4B-00C04F79EFBC}") = "HealthQCopilot.Voice", "src\HealthQCopilot.Voice\HealthQCopilot.Voice.csproj", "{A1B2C3D4-0004-0004-0004-000000000004}"
EndProject
Project("{FAE04EC0-301F-11D3-BF4B-00C04F79EFBC}") = "HealthQCopilot.Agents", "src\HealthQCopilot.Agents\HealthQCopilot.Agents.csproj", "{A1B2C3D4-0005-0005-0005-000000000005}"
EndProject
Project("{FAE04EC0-301F-11D3-BF4B-00C04F79EFBC}") = "HealthQCopilot.Fhir", "src\HealthQCopilot.Fhir\HealthQCopilot.Fhir.csproj", "{A1B2C3D4-0006-0006-0006-000000000006}"
EndProject
Project("{FAE04EC0-301F-11D3-BF4B-00C04F79EFBC}") = "HealthQCopilot.Ocr", "src\HealthQCopilot.Ocr\HealthQCopilot.Ocr.csproj", "{A1B2C3D4-0007-0007-0007-000000000007}"
EndProject
Project("{FAE04EC0-301F-11D3-BF4B-00C04F79EFBC}") = "HealthQCopilot.Scheduling", "src\HealthQCopilot.Scheduling\HealthQCopilot.Scheduling.csproj", "{A1B2C3D4-0008-0008-0008-000000000008}"
EndProject
Project("{FAE04EC0-301F-11D3-BF4B-00C04F79EFBC}") = "HealthQCopilot.Notifications", "src\HealthQCopilot.Notifications\HealthQCopilot.Notifications.csproj", "{A1B2C3D4-0009-0009-0009-000000000009}"
EndProject
Project("{FAE04EC0-301F-11D3-BF4B-00C04F79EFBC}") = "HealthQCopilot.PopulationHealth", "src\HealthQCopilot.PopulationHealth\HealthQCopilot.PopulationHealth.csproj", "{A1B2C3D4-000A-000A-000A-00000000000A}"
EndProject
Project("{FAE04EC0-301F-11D3-BF4B-00C04F79EFBC}") = "HealthQCopilot.RevenueCycle", "src\HealthQCopilot.RevenueCycle\HealthQCopilot.RevenueCycle.csproj", "{A1B2C3D4-000F-000F-000F-00000000000F}"
EndProject
Project("{FAE04EC0-301F-11D3-BF4B-00C04F79EFBC}") = "HealthQCopilot.Tests.Unit", "tests\HealthQCopilot.Tests.Unit\HealthQCopilot.Tests.Unit.csproj", "{A1B2C3D4-000B-000B-000B-00000000000B}"
EndProject
Project("{FAE04EC0-301F-11D3-BF4B-00C04F79EFBC}") = "HealthQCopilot.Tests.Integration", "tests\HealthQCopilot.Tests.Integration\HealthQCopilot.Tests.Integration.csproj", "{A1B2C3D4-000C-000C-000C-00000000000C}"
EndProject
Project("{FAE04EC0-301F-11D3-BF4B-00C04F79EFBC}") = "HealthQCopilot.AppHost", "src\HealthQCopilot.AppHost\HealthQCopilot.AppHost.csproj", "{A1B2C3D4-000D-000D-000D-00000000000D}"
EndProject
Project("{FAE04EC0-301F-11D3-BF4B-00C04F79EFBC}") = "HealthQCopilot.ServiceDefaults", "src\HealthQCopilot.ServiceDefaults\HealthQCopilot.ServiceDefaults.csproj", "{A1B2C3D4-000E-000E-000E-00000000000E}"
EndProject
Project("{2150E333-8FDC-42A3-9474-1A3956D46DE8}") = "src", "src", "{827E0CD3-B72D-47B6-A68D-7590B98EB39B}"
EndProject
Project("{FAE04EC0-301F-11D3-BF4B-00C04F79EFBC}") = "HealthQCopilot.Gateway", "src\HealthQCopilot.Gateway\HealthQCopilot.Gateway.csproj", "{CAE4896F-C876-4858-BF18-65135D8CB670}"
EndProject
Project("{FAE04EC0-301F-11D3-BF4B-00C04F79EFBC}") = "HealthQCopilot.BFF", "src\HealthQCopilot.BFF\HealthQCopilot.BFF.csproj", "{330AACB5-0352-43AE-BC17-3E0F238636AF}"
EndProject
Global
	GlobalSection(SolutionConfigurationPlatforms) = preSolution
		Debug|Any CPU = Debug|Any CPU
		Debug|x64 = Debug|x64
		Debug|x86 = Debug|x86
		Release|Any CPU = Release|Any CPU
		Release|x64 = Release|x64
		Release|x86 = Release|x86
	EndGlobalSection
	GlobalSection(ProjectConfigurationPlatforms) = postSolution
		{A1B2C3D4-0001-0001-0001-000000000001}.Debug|Any CPU.ActiveCfg = Debug|Any CPU
		{A1B2C3D4-0001-0001-0001-000000000001}.Debug|Any CPU.Build.0 = Debug|Any CPU
		{A1B2C3D4-0001-0001-0001-000000000001}.Debug|x64.ActiveCfg = Debug|Any CPU
		{A1B2C3D4-0001-0001-0001-000000000001}.Debug|x64.Build.0 = Debug|Any CPU
		{A1B2C3D4-0001-0001-0001-000000000001}.Debug|x86.ActiveCfg = Debug|Any CPU
		{A1B2C3D4-0001-0001-0001-000000000001}.Debug|x86.Build.0 = Debug|Any CPU
		{A1B2C3D4-0001-0001-0001-000000000001}.Release|Any CPU.ActiveCfg = Release|Any CPU
		{A1B2C3D4-0001-0001-0001-000000000001}.Release|Any CPU.Build.0 = Release|Any CPU
		{A1B2C3D4-0001-0001-0001-000000000001}.Release|x64.ActiveCfg = Release|Any CPU
		{A1B2C3D4-0001-0001-0001-000000000001}.Release|x64.Build.0 = Release|Any CPU
		{A1B2C3D4-0001-0001-0001-000000000001}.Release|x86.ActiveCfg = Release|Any CPU
		{A1B2C3D4-0001-0001-0001-000000000001}.Release|x86.Build.0 = Release|Any CPU
		{A1B2C3D4-0002-0002-0002-000000000002}.Debug|Any CPU.ActiveCfg = Debug|Any CPU
		{A1B2C3D4-0002-0002-0002-000000000002}.Debug|Any CPU.Build.0 = Debug|Any CPU
		{A1B2C3D4-0002-0002-0002-000000000002}.Debug|x64.ActiveCfg = Debug|Any CPU
		{A1B2C3D4-0002-0002-0002-000000000002}.Debug|x64.Build.0 = Debug|Any CPU
		{A1B2C3D4-0002-0002-0002-000000000002}.Debug|x86.ActiveCfg = Debug|Any CPU
		{A1B2C3D4-0002-0002-0002-000000000002}.Debug|x86.Build.0 = Debug|Any CPU
		{A1B2C3D4-0002-0002-0002-000000000002}.Release|Any CPU.ActiveCfg = Release|Any CPU
		{A1B2C3D4-0002-0002-0002-000000000002}.Release|Any CPU.Build.0 = Release|Any CPU
		{A1B2C3D4-0002-0002-0002-000000000002}.Release|x64.ActiveCfg = Release|Any CPU
		{A1B2C3D4-0002-0002-0002-000000000002}.Release|x64.Build.0 = Release|Any CPU
		{A1B2C3D4-0002-0002-0002-000000000002}.Release|x86.ActiveCfg = Release|Any CPU
		{A1B2C3D4-0002-0002-0002-000000000002}.Release|x86.Build.0 = Release|Any CPU
		{A1B2C3D4-0003-0003-0003-000000000003}.Debug|Any CPU.ActiveCfg = Debug|Any CPU
		{A1B2C3D4-0003-0003-0003-000000000003}.Debug|Any CPU.Build.0 = Debug|Any CPU
		{A1B2C3D4-0003-0003-0003-000000000003}.Debug|x64.ActiveCfg = Debug|Any CPU
		{A1B2C3D4-0003-0003-0003-000000000003}.Debug|x64.Build.0 = Debug|Any CPU
		{A1B2C3D4-0003-0003-0003-000000000003}.Debug|x86.ActiveCfg = Debug|Any CPU
		{A1B2C3D4-0003-0003-0003-000000000003}.Debug|x86.Build.0 = Debug|Any CPU
		{A1B2C3D4-0003-0003-0003-000000000003}.Release|Any CPU.ActiveCfg = Release|Any CPU
		{A1B2C3D4-0003-0003-0003-000000000003}.Release|Any CPU.Build.0 = Release|Any CPU
		{A1B2C3D4-0003-0003-0003-000000000003}.Release|x64.ActiveCfg = Release|Any CPU
		{A1B2C3D4-0003-0003-0003-000000000003}.Release|x64.Build.0 = Release|Any CPU
		{A1B2C3D4-0003-0003-0003-000000000003}.Release|x86.ActiveCfg = Release|Any CPU
		{A1B2C3D4-0003-0003-0003-000000000003}.Release|x86.Build.0 = Release|Any CPU
		{A1B2C3D4-0004-0004-0004-000000000004}.Debug|Any CPU.ActiveCfg = Debug|Any CPU
		{A1B2C3D4-0004-0004-0004-000000000004}.Debug|Any CPU.Build.0 = Debug|Any CPU
		{A1B2C3D4-0004-0004-0004-000000000004}.Debug|x64.ActiveCfg = Debug|Any CPU
		{A1B2C3D4-0004-0004-0004-000000000004}.Debug|x64.Build.0 = Debug|Any CPU
		{A1B2C3D4-0004-0004-0004-000000000004}.Debug|x86.ActiveCfg = Debug|Any CPU
		{A1B2C3D4-0004-0004-0004-000000000004}.Debug|x86.Build.0 = Debug|Any CPU
		{A1B2C3D4-0004-0004-0004-000000000004}.Release|Any CPU.ActiveCfg = Release|Any CPU
		{A1B2C3D4-0004-0004-0004-000000000004}.Release|Any CPU.Build.0 = Release|Any CPU
		{A1B2C3D4-0004-0004-0004-000000000004}.Release|x64.ActiveCfg = Release|Any CPU
		{A1B2C3D4-0004-0004-0004-000000000004}.Release|x64.Build.0 = Release|Any CPU
		{A1B2C3D4-0004-0004-0004-000000000004}.Release|x86.ActiveCfg = Release|Any CPU
		{A1B2C3D4-0004-0004-0004-000000000004}.Release|x86.Build.0 = Release|Any CPU
		{A1B2C3D4-0005-0005-0005-000000000005}.Debug|Any CPU.ActiveCfg = Debug|Any CPU
		{A1B2C3D4-0005-0005-0005-000000000005}.Debug|Any CPU.Build.0 = Debug|Any CPU
		{A1B2C3D4-0005-0005-0005-000000000005}.Debug|x64.ActiveCfg = Debug|Any CPU
		{A1B2C3D4-0005-0005-0005-000000000005}.Debug|x64.Build.0 = Debug|Any CPU
		{A1B2C3D4-0005-0005-0005-000000000005}.Debug|x86.ActiveCfg = Debug|Any CPU
		{A1B2C3D4-0005-0005-0005-000000000005}.Debug|x86.Build.0 = Debug|Any CPU
		{A1B2C3D4-0005-0005-0005-000000000005}.Release|Any CPU.ActiveCfg = Release|Any CPU
		{A1B2C3D4-0005-0005-0005-000000000005}.Release|Any CPU.Build.0 = Release|Any CPU
		{A1B2C3D4-0005-0005-0005-000000000005}.Release|x64.ActiveCfg = Release|Any CPU
		{A1B2C3D4-0005-0005-0005-000000000005}.Release|x64.Build.0 = Release|Any CPU
		{A1B2C3D4-0005-0005-0005-000000000005}.Release|x86.ActiveCfg = Release|Any CPU
		{A1B2C3D4-0005-0005-0005-000000000005}.Release|x86.Build.0 = Release|Any CPU
		{A1B2C3D4-0006-0006-0006-000000000006}.Debug|Any CPU.ActiveCfg = Debug|Any CPU
		{A1B2C3D4-0006-0006-0006-000000000006}.Debug|Any CPU.Build.0 = Debug|Any CPU
		{A1B2C3D4-0006-0006-0006-000000000006}.Debug|x64.ActiveCfg = Debug|Any CPU
		{A1B2C3D4-0006-0006-0006-000000000006}.Debug|x64.Build.0 = Debug|Any CPU
		{A1B2C3D4-0006-0006-0006-000000000006}.Debug|x86.ActiveCfg = Debug|Any CPU
		{A1B2C3D4-0006-0006-0006-000000000006}.Debug|x86.Build.0 = Debug|Any CPU
		{A1B2C3D4-0006-0006-0006-000000000006}.Release|Any CPU.ActiveCfg = Release|Any CPU
		{A1B2C3D4-0006-0006-0006-000000000006}.Release|Any CPU.Build.0 = Release|Any CPU
		{A1B2C3D4-0006-0006-0006-000000000006}.Release|x64.ActiveCfg = Release|Any CPU
		{A1B2C3D4-0006-0006-0006-000000000006}.Release|x64.Build.0 = Release|Any CPU
		{A1B2C3D4-0006-0006-0006-000000000006}.Release|x86.ActiveCfg = Release|Any CPU
		{A1B2C3D4-0006-0006-0006-000000000006}.Release|x86.Build.0 = Release|Any CPU
		{A1B2C3D4-0007-0007-0007-000000000007}.Debug|Any CPU.ActiveCfg = Debug|Any CPU
		{A1B2C3D4-0007-0007-0007-000000000007}.Debug|Any CPU.Build.0 = Debug|Any CPU
		{A1B2C3D4-0007-0007-0007-000000000007}.Debug|x64.ActiveCfg = Debug|Any CPU
		{A1B2C3D4-0007-0007-0007-000000000007}.Debug|x64.Build.0 = Debug|Any CPU
		{A1B2C3D4-0007-0007-0007-000000000007}.Debug|x86.ActiveCfg = Debug|Any CPU
		{A1B2C3D4-0007-0007-0007-000000000007}.Debug|x86.Build.0 = Debug|Any CPU
		{A1B2C3D4-0007-0007-0007-000000000007}.Release|Any CPU.ActiveCfg = Release|Any CPU
		{A1B2C3D4-0007-0007-0007-000000000007}.Release|Any CPU.Build.0 = Release|Any CPU
		{A1B2C3D4-0007-0007-0007-000000000007}.Release|x64.ActiveCfg = Release|Any CPU
		{A1B2C3D4-0007-0007-0007-000000000007}.Release|x64.Build.0 = Release|Any CPU
		{A1B2C3D4-0007-0007-0007-000000000007}.Release|x86.ActiveCfg = Release|Any CPU
		{A1B2C3D4-0007-0007-0007-000000000007}.Release|x86.Build.0 = Release|Any CPU
		{A1B2C3D4-0008-0008-0008-000000000008}.Debug|Any CPU.ActiveCfg = Debug|Any CPU
		{A1B2C3D4-0008-0008-0008-000000000008}.Debug|Any CPU.Build.0 = Debug|Any CPU
		{A1B2C3D4-0008-0008-0008-000000000008}.Debug|x64.ActiveCfg = Debug|Any CPU
		{A1B2C3D4-0008-0008-0008-000000000008}.Debug|x64.Build.0 = Debug|Any CPU
		{A1B2C3D4-0008-0008-0008-000000000008}.Debug|x86.ActiveCfg = Debug|Any CPU
		{A1B2C3D4-0008-0008-0008-000000000008}.Debug|x86.Build.0 = Debug|Any CPU
		{A1B2C3D4-0008-0008-0008-000000000008}.Release|Any CPU.ActiveCfg = Release|Any CPU
		{A1B2C3D4-0008-0008-0008-000000000008}.Release|Any CPU.Build.0 = Release|Any CPU
		{A1B2C3D4-0008-0008-0008-000000000008}.Release|x64.ActiveCfg = Release|Any CPU
		{A1B2C3D4-0008-0008-0008-000000000008}.Release|x64.Build.0 = Release|Any CPU
		{A1B2C3D4-0008-0008-0008-000000000008}.Release|x86.ActiveCfg = Release|Any CPU
		{A1B2C3D4-0008-0008-0008-000000000008}.Release|x86.Build.0 = Release|Any CPU
		{A1B2C3D4-0009-0009-0009-000000000009}.Debug|Any CPU.ActiveCfg = Debug|Any CPU
		{A1B2C3D4-0009-0009-0009-000000000009}.Debug|Any CPU.Build.0 = Debug|Any CPU
		{A1B2C3D4-0009-0009-0009-000000000009}.Debug|x64.ActiveCfg = Debug|Any CPU
		{A1B2C3D4-0009-0009-0009-000000000009}.Debug|x64.Build.0 = Debug|Any CPU
		{A1B2C3D4-0009-0009-0009-000000000009}.Debug|x86.ActiveCfg = Debug|Any CPU
		{A1B2C3D4-0009-0009-0009-000000000009}.Debug|x86.Build.0 = Debug|Any CPU
		{A1B2C3D4-0009-0009-0009-000000000009}.Release|Any CPU.ActiveCfg = Release|Any CPU
		{A1B2C3D4-0009-0009-0009-000000000009}.Release|Any CPU.Build.0 = Release|Any CPU
		{A1B2C3D4-0009-0009-0009-000000000009}.Release|x64.ActiveCfg = Release|Any CPU
		{A1B2C3D4-0009-0009-0009-000000000009}.Release|x64.Build.0 = Release|Any CPU
		{A1B2C3D4-0009-0009-0009-000000000009}.Release|x86.ActiveCfg = Release|Any CPU
		{A1B2C3D4-0009-0009-0009-000000000009}.Release|x86.Build.0 = Release|Any CPU
		{A1B2C3D4-000A-000A-000A-00000000000A}.Debug|Any CPU.ActiveCfg = Debug|Any CPU
		{A1B2C3D4-000A-000A-000A-00000000000A}.Debug|Any CPU.Build.0 = Debug|Any CPU
		{A1B2C3D4-000A-000A-000A-00000000000A}.Debug|x64.ActiveCfg = Debug|Any CPU
		{A1B2C3D4-000A-000A-000A-00000000000A}.Debug|x64.Build.0 = Debug|Any CPU
		{A1B2C3D4-000A-000A-000A-00000000000A}.Debug|x86.ActiveCfg = Debug|Any CPU
		{A1B2C3D4-000A-000A-000A-00000000000A}.Debug|x86.Build.0 = Debug|Any CPU
		{A1B2C3D4-000A-000A-000A-00000000000A}.Release|Any CPU.ActiveCfg = Release|Any CPU
		{A1B2C3D4-000A-000A-000A-00000000000A}.Release|Any CPU.Build.0 = Release|Any CPU
		{A1B2C3D4-000A-000A-000A-00000000000A}.Release|x64.ActiveCfg = Release|Any CPU
		{A1B2C3D4-000A-000A-000A-00000000000A}.Release|x64.Build.0 = Release|Any CPU
		{A1B2C3D4-000A-000A-000A-00000000000A}.Release|x86.ActiveCfg = Release|Any CPU
		{A1B2C3D4-000A-000A-000A-00000000000A}.Release|x86.Build.0 = Release|Any CPU
		{A1B2C3D4-000F-000F-000F-00000000000F}.Debug|Any CPU.ActiveCfg = Debug|Any CPU
		{A1B2C3D4-000F-000F-000F-00000000000F}.Debug|Any CPU.Build.0 = Debug|Any CPU
		{A1B2C3D4-000F-000F-000F-00000000000F}.Debug|x64.ActiveCfg = Debug|Any CPU
		{A1B2C3D4-000F-000F-000F-00000000000F}.Debug|x64.Build.0 = Debug|Any CPU
		{A1B2C3D4-000F-000F-000F-00000000000F}.Debug|x86.ActiveCfg = Debug|Any CPU
		{A1B2C3D4-000F-000F-000F-00000000000F}.Debug|x86.Build.0 = Debug|Any CPU
		{A1B2C3D4-000F-000F-000F-00000000000F}.Release|Any CPU.ActiveCfg = Release|Any CPU
		{A1B2C3D4-000F-000F-000F-00000000000F}.Release|Any CPU.Build.0 = Release|Any CPU
		{A1B2C3D4-000F-000F-000F-00000000000F}.Release|x64.ActiveCfg = Release|Any CPU
		{A1B2C3D4-000F-000F-000F-00000000000F}.Release|x64.Build.0 = Release|Any CPU
		{A1B2C3D4-000F-000F-000F-00000000000F}.Release|x86.ActiveCfg = Release|Any CPU
		{A1B2C3D4-000F-000F-000F-00000000000F}.Release|x86.Build.0 = Release|Any CPU
		{A1B2C3D4-000B-000B-000B-00000000000B}.Debug|Any CPU.ActiveCfg = Debug|Any CPU
		{A1B2C3D4-000B-000B-000B-00000000000B}.Debug|Any CPU.Build.0 = Debug|Any CPU
		{A1B2C3D4-000B-000B-000B-00000000000B}.Debug|x64.ActiveCfg = Debug|Any CPU
		{A1B2C3D4-000B-000B-000B-00000000000B}.Debug|x64.Build.0 = Debug|Any CPU
		{A1B2C3D4-000B-000B-000B-00000000000B}.Debug|x86.ActiveCfg = Debug|Any CPU
		{A1B2C3D4-000B-000B-000B-00000000000B}.Debug|x86.Build.0 = Debug|Any CPU
		{A1B2C3D4-000B-000B-000B-00000000000B}.Release|Any CPU.ActiveCfg = Release|Any CPU
		{A1B2C3D4-000B-000B-000B-00000000000B}.Release|Any CPU.Build.0 = Release|Any CPU
		{A1B2C3D4-000B-000B-000B-00000000000B}.Release|x64.ActiveCfg = Release|Any CPU
		{A1B2C3D4-000B-000B-000B-00000000000B}.Release|x64.Build.0 = Release|Any CPU
		{A1B2C3D4-000B-000B-000B-00000000000B}.Release|x86.ActiveCfg = Release|Any CPU
		{A1B2C3D4-000B-000B-000B-00000000000B}.Release|x86.Build.0 = Release|Any CPU
		{A1B2C3D4-000C-000C-000C-00000000000C}.Debug|Any CPU.ActiveCfg = Debug|Any CPU
		{A1B2C3D4-000C-000C-000C-00000000000C}.Debug|Any CPU.Build.0 = Debug|Any CPU
		{A1B2C3D4-000C-000C-000C-00000000000C}.Debug|x64.ActiveCfg = Debug|Any CPU
		{A1B2C3D4-000C-000C-000C-00000000000C}.Debug|x64.Build.0 = Debug|Any CPU
		{A1B2C3D4-000C-000C-000C-00000000000C}.Debug|x86.ActiveCfg = Debug|Any CPU
		{A1B2C3D4-000C-000C-000C-00000000000C}.Debug|x86.Build.0 = Debug|Any CPU
		{A1B2C3D4-000C-000C-000C-00000000000C}.Release|Any CPU.ActiveCfg = Release|Any CPU
		{A1B2C3D4-000C-000C-000C-00000000000C}.Release|Any CPU.Build.0 = Release|Any CPU
		{A1B2C3D4-000C-000C-000C-00000000000C}.Release|x64.ActiveCfg = Release|Any CPU
		{A1B2C3D4-000C-000C-000C-00000000000C}.Release|x64.Build.0 = Release|Any CPU
		{A1B2C3D4-000C-000C-000C-00000000000C}.Release|x86.ActiveCfg = Release|Any CPU
		{A1B2C3D4-000C-000C-000C-00000000000C}.Release|x86.Build.0 = Release|Any CPU
		{A1B2C3D4-000D-000D-000D-00000000000D}.Debug|Any CPU.ActiveCfg = Debug|Any CPU
		{A1B2C3D4-000D-000D-000D-00000000000D}.Debug|Any CPU.Build.0 = Debug|Any CPU
		{A1B2C3D4-000D-000D-000D-00000000000D}.Debug|x64.ActiveCfg = Debug|Any CPU
		{A1B2C3D4-000D-000D-000D-00000000000D}.Debug|x64.Build.0 = Debug|Any CPU
		{A1B2C3D4-000D-000D-000D-00000000000D}.Debug|x86.ActiveCfg = Debug|Any CPU
		{A1B2C3D4-000D-000D-000D-00000000000D}.Debug|x86.Build.0 = Debug|Any CPU
		{A1B2C3D4-000D-000D-000D-00000000000D}.Release|Any CPU.ActiveCfg = Release|Any CPU
		{A1B2C3D4-000D-000D-000D-00000000000D}.Release|Any CPU.Build.0 = Release|Any CPU
		{A1B2C3D4-000D-000D-000D-00000000000D}.Release|x64.ActiveCfg = Release|Any CPU
		{A1B2C3D4-000D-000D-000D-00000000000D}.Release|x64.Build.0 = Release|Any CPU
		{A1B2C3D4-000D-000D-000D-00000000000D}.Release|x86.ActiveCfg = Release|Any CPU
		{A1B2C3D4-000D-000D-000D-00000000000D}.Release|x86.Build.0 = Release|Any CPU
		{A1B2C3D4-000E-000E-000E-00000000000E}.Debug|Any CPU.ActiveCfg = Debug|Any CPU
		{A1B2C3D4-000E-000E-000E-00000000000E}.Debug|Any CPU.Build.0 = Debug|Any CPU
		{A1B2C3D4-000E-000E-000E-00000000000E}.Debug|x64.ActiveCfg = Debug|Any CPU
		{A1B2C3D4-000E-000E-000E-00000000000E}.Debug|x64.Build.0 = Debug|Any CPU
		{A1B2C3D4-000E-000E-000E-00000000000E}.Debug|x86.ActiveCfg = Debug|Any CPU
		{A1B2C3D4-000E-000E-000E-00000000000E}.Debug|x86.Build.0 = Debug|Any CPU
		{A1B2C3D4-000E-000E-000E-00000000000E}.Release|Any CPU.ActiveCfg = Release|Any CPU
		{A1B2C3D4-000E-000E-000E-00000000000E}.Release|Any CPU.Build.0 = Release|Any CPU
		{A1B2C3D4-000E-000E-000E-00000000000E}.Release|x64.ActiveCfg = Release|Any CPU
		{A1B2C3D4-000E-000E-000E-00000000000E}.Release|x64.Build.0 = Release|Any CPU
		{A1B2C3D4-000E-000E-000E-00000000000E}.Release|x86.ActiveCfg = Release|Any CPU
		{A1B2C3D4-000E-000E-000E-00000000000E}.Release|x86.Build.0 = Release|Any CPU
		{CAE4896F-C876-4858-BF18-65135D8CB670}.Debug|Any CPU.ActiveCfg = Debug|Any CPU
		{CAE4896F-C876-4858-BF18-65135D8CB670}.Debug|Any CPU.Build.0 = Debug|Any CPU
		{CAE4896F-C876-4858-BF18-65135D8CB670}.Debug|x64.ActiveCfg = Debug|Any CPU
		{CAE4896F-C876-4858-BF18-65135D8CB670}.Debug|x64.Build.0 = Debug|Any CPU
		{CAE4896F-C876-4858-BF18-65135D8CB670}.Debug|x86.ActiveCfg = Debug|Any CPU
		{CAE4896F-C876-4858-BF18-65135D8CB670}.Debug|x86.Build.0 = Debug|Any CPU
		{CAE4896F-C876-4858-BF18-65135D8CB670}.Release|Any CPU.ActiveCfg = Release|Any CPU
		{CAE4896F-C876-4858-BF18-65135D8CB670}.Release|Any CPU.Build.0 = Release|Any CPU
		{CAE4896F-C876-4858-BF18-65135D8CB670}.Release|x64.ActiveCfg = Release|Any CPU
		{CAE4896F-C876-4858-BF18-65135D8CB670}.Release|x64.Build.0 = Release|Any CPU
		{CAE4896F-C876-4858-BF18-65135D8CB670}.Release|x86.ActiveCfg = Release|Any CPU
		{CAE4896F-C876-4858-BF18-65135D8CB670}.Release|x86.Build.0 = Release|Any CPU
		{330AACB5-0352-43AE-BC17-3E0F238636AF}.Debug|Any CPU.ActiveCfg = Debug|Any CPU
		{330AACB5-0352-43AE-BC17-3E0F238636AF}.Debug|Any CPU.Build.0 = Debug|Any CPU
		{330AACB5-0352-43AE-BC17-3E0F238636AF}.Debug|x64.ActiveCfg = Debug|Any CPU
		{330AACB5-0352-43AE-BC17-3E0F238636AF}.Debug|x64.Build.0 = Debug|Any CPU
		{330AACB5-0352-43AE-BC17-3E0F238636AF}.Debug|x86.ActiveCfg = Debug|Any CPU
		{330AACB5-0352-43AE-BC17-3E0F238636AF}.Debug|x86.Build.0 = Debug|Any CPU
		{330AACB5-0352-43AE-BC17-3E0F238636AF}.Release|Any CPU.ActiveCfg = Release|Any CPU
		{330AACB5-0352-43AE-BC17-3E0F238636AF}.Release|Any CPU.Build.0 = Release|Any CPU
		{330AACB5-0352-43AE-BC17-3E0F238636AF}.Release|x64.ActiveCfg = Release|Any CPU
		{330AACB5-0352-43AE-BC17-3E0F238636AF}.Release|x64.Build.0 = Release|Any CPU
		{330AACB5-0352-43AE-BC17-3E0F238636AF}.Release|x86.ActiveCfg = Release|Any CPU
		{330AACB5-0352-43AE-BC17-3E0F238636AF}.Release|x86.Build.0 = Release|Any CPU
	EndGlobalSection
	GlobalSection(SolutionProperties) = preSolution
		HideSolutionNode = FALSE
	EndGlobalSection
	GlobalSection(NestedProjects) = preSolution
		{CAE4896F-C876-4858-BF18-65135D8CB670} = {827E0CD3-B72D-47B6-A68D-7590B98EB39B}
		{330AACB5-0352-43AE-BC17-3E0F238636AF} = {827E0CD3-B72D-47B6-A68D-7590B98EB39B}
	EndGlobalSection
EndGlobal
